
Microsoft Visual Studio Solution File, Format Version 12.00
# Visual Studio 2013
VisualStudioVersion = 12.0.40629.0
MinimumVisualStudioVersion = 10.0.40219.1
Project("{FAE04EC0-301F-11D3-BF4B-00C04F79EFBC}") = "GettingStartedLib", "GettingStartedLib\GettingStartedLib.csproj", "{7A86B599-0CC9-4822-B69E-3C9F72EAC14E}"
EndProject
Project("{FAE04EC0-301F-11D3-BF4B-00C04F79EFBC}") = "GettingStartedHost", "GettingStartedHost\GettingStartedHost.csproj", "{F2D29C92-CCDF-4C99-8F7E-40CDE278241B}"
EndProject
Project("{FAE04EC0-301F-11D3-BF4B-00C04F79EFBC}") = "GettingStartedClient", "GettingStartedClient\GettingStartedClient.csproj", "{F5F0D77F-0230-4C5F-AEBD-4A13E7C336F2}"
EndProject
Global
	GlobalSection(SolutionConfigurationPlatforms) = preSolution
		Debug|Any CPU = Debug|Any CPU
		Release|Any CPU = Release|Any CPU
	EndGlobalSection
	GlobalSection(ProjectConfigurationPlatforms) = postSolution
		{7A86B599-0CC9-4822-B69E-3C9F72EAC14E}.Debug|Any CPU.ActiveCfg = Debug|Any CPU
		{7A86B599-0CC9-4822-B69E-3C9F72EAC14E}.Debug|Any CPU.Build.0 = Debug|Any CPU
		{7A86B599-0CC9-4822-B69E-3C9F72EAC14E}.Release|Any CPU.ActiveCfg = Release|Any CPU
		{7A86B599-0CC9-4822-B69E-3C9F72EAC14E}.Release|Any CPU.Build.0 = Release|Any CPU
		{F2D29C92-CCDF-4C99-8F7E-40CDE278241B}.Debug|Any CPU.ActiveCfg = Debug|Any CPU
		{F2D29C92-CCDF-4C99-8F7E-40CDE278241B}.Debug|Any CPU.Build.0 = Debug|Any CPU
		{F2D29C92-CCDF-4C99-8F7E-40CDE278241B}.Release|Any CPU.ActiveCfg = Release|Any CPU
		{F2D29C92-CCDF-4C99-8F7E-40CDE278241B}.Release|Any CPU.Build.0 = Release|Any CPU
		{F5F0D77F-0230-4C5F-AEBD-4A13E7C336F2}.Debug|Any CPU.ActiveCfg = Debug|Any CPU
		{F5F0D77F-0230-4C5F-AEBD-4A13E7C336F2}.Debug|Any CPU.Build.0 = Debug|Any CPU
		{F5F0D77F-0230-4C5F-AEBD-4A13E7C336F2}.Release|Any CPU.ActiveCfg = Release|Any CPU
		{F5F0D77F-0230-4C5F-AEBD-4A13E7C336F2}.Release|Any CPU.Build.0 = Release|Any CPU
	EndGlobalSection
	GlobalSection(SolutionProperties) = preSolution
		HideSolutionNode = FALSE
	EndGlobalSection
EndGlobal
